
Microsoft Visual Studio Solution File, Format Version 12.00
Project("{FAE04EC0-301F-11D3-BF4B-00C04F79EFBC}") = "SportyBuddies.Api", "SportyBuddies.Api\SportyBuddies.Api.csproj", "{2F8779A1-3A4F-4ECF-917E-210118590EE5}"
EndProject
Project("{FAE04EC0-301F-11D3-BF4B-00C04F79EFBC}") = "SportyBuddies.Application", "SportyBuddies.Application\SportyBuddies.Application.csproj", "{480917D5-CBA7-4B7B-A9FE-C77B315F864C}"
EndProject
Project("{FAE04EC0-301F-11D3-BF4B-00C04F79EFBC}") = "SportyBuddies.Domain", "SportyBuddies.Domain\SportyBuddies.Domain.csproj", "{73CDCBED-72BF-4C58-8887-D3CA31E9CB83}"
EndProject
Project("{FAE04EC0-301F-11D3-BF4B-00C04F79EFBC}") = "SportyBuddies.Infrastructure", "SportyBuddies.Infrastructure\SportyBuddies.Infrastructure.csproj", "{EE5EF695-7747-4B6C-9777-E21044F182CA}"
EndProject
Project("{FAE04EC0-301F-11D3-BF4B-00C04F79EFBC}") = "SportyBuddies.Identity", "SportyBuddies.Identity\SportyBuddies.Identity.csproj", "{D7A14E4E-F571-452F-B3F9-CE831578F7B0}"
EndProject
Project("{2150E333-8FDC-42A3-9474-1A3956D46DE8}") = "test", "test", "{301057E0-3A83-443D-BA46-6BFE9BB8BD08}"
EndProject
Project("{FAE04EC0-301F-11D3-BF4B-00C04F79EFBC}") = "SportyBuddies.Application.UnitTests", "SportyBuddies.Application.UnitTests\SportyBuddies.Application.UnitTests.csproj", "{F285B70B-C2A0-42B5-9EC2-E7AE2ADD8B40}"
EndProject
Project("{FAE04EC0-301F-11D3-BF4B-00C04F79EFBC}") = "TestCommon", "TestCommon\TestCommon.csproj", "{19262E0E-3557-46EA-9CCE-E83F6B2BD0BC}"
EndProject
Project("{FAE04EC0-301F-11D3-BF4B-00C04F79EFBC}") = "SportyBuddies.Api.IntegrationTests", "SportyBuddies.Api.IntegrationTests\SportyBuddies.Api.IntegrationTests.csproj", "{1D72F082-18FE-4381-AC23-C36AF46984FD}"
EndProject
Project("{FAE04EC0-301F-11D3-BF4B-00C04F79EFBC}") = "SportyBuddies.Domain.UnitTests", "SportyBuddies.Domain.UnitTests\SportyBuddies.Domain.UnitTests.csproj", "{7BA61B6E-0790-477E-BB03-4A34F0147D9F}"
EndProject
Project("{2150E333-8FDC-42A3-9474-1A3956D46DE8}") = "Solution Items", "Solution Items", "{BE549942-5977-4951-A738-42D7C2B52992}"
	ProjectSection(SolutionItems) = preProject
		docker-compose.yml = docker-compose.yml
	EndProjectSection
EndProject
Project("{FAE04EC0-301F-11D3-BF4B-00C04F79EFBC}") = "SportyBuddies.Application.IntegrationTests", "SportyBuddies.Application.IntegrationTests\SportyBuddies.Application.IntegrationTests.csproj", "{798ACA23-BB5B-4E19-98CA-4F9A5F8DCB90}"
EndProject
Global
	GlobalSection(SolutionConfigurationPlatforms) = preSolution
		Debug|Any CPU = Debug|Any CPU
		Release|Any CPU = Release|Any CPU
	EndGlobalSection
	GlobalSection(ProjectConfigurationPlatforms) = postSolution
		{2F8779A1-3A4F-4ECF-917E-210118590EE5}.Debug|Any CPU.ActiveCfg = Debug|Any CPU
		{2F8779A1-3A4F-4ECF-917E-210118590EE5}.Debug|Any CPU.Build.0 = Debug|Any CPU
		{2F8779A1-3A4F-4ECF-917E-210118590EE5}.Release|Any CPU.ActiveCfg = Release|Any CPU
		{2F8779A1-3A4F-4ECF-917E-210118590EE5}.Release|Any CPU.Build.0 = Release|Any CPU
		{480917D5-CBA7-4B7B-A9FE-C77B315F864C}.Debug|Any CPU.ActiveCfg = Debug|Any CPU
		{480917D5-CBA7-4B7B-A9FE-C77B315F864C}.Debug|Any CPU.Build.0 = Debug|Any CPU
		{480917D5-CBA7-4B7B-A9FE-C77B315F864C}.Release|Any CPU.ActiveCfg = Release|Any CPU
		{480917D5-CBA7-4B7B-A9FE-C77B315F864C}.Release|Any CPU.Build.0 = Release|Any CPU
		{73CDCBED-72BF-4C58-8887-D3CA31E9CB83}.Debug|Any CPU.ActiveCfg = Debug|Any CPU
		{73CDCBED-72BF-4C58-8887-D3CA31E9CB83}.Debug|Any CPU.Build.0 = Debug|Any CPU
		{73CDCBED-72BF-4C58-8887-D3CA31E9CB83}.Release|Any CPU.ActiveCfg = Release|Any CPU
		{73CDCBED-72BF-4C58-8887-D3CA31E9CB83}.Release|Any CPU.Build.0 = Release|Any CPU
		{EE5EF695-7747-4B6C-9777-E21044F182CA}.Debug|Any CPU.ActiveCfg = Debug|Any CPU
		{EE5EF695-7747-4B6C-9777-E21044F182CA}.Debug|Any CPU.Build.0 = Debug|Any CPU
		{EE5EF695-7747-4B6C-9777-E21044F182CA}.Release|Any CPU.ActiveCfg = Release|Any CPU
		{EE5EF695-7747-4B6C-9777-E21044F182CA}.Release|Any CPU.Build.0 = Release|Any CPU
		{D7A14E4E-F571-452F-B3F9-CE831578F7B0}.Debug|Any CPU.ActiveCfg = Debug|Any CPU
		{D7A14E4E-F571-452F-B3F9-CE831578F7B0}.Debug|Any CPU.Build.0 = Debug|Any CPU
		{D7A14E4E-F571-452F-B3F9-CE831578F7B0}.Release|Any CPU.ActiveCfg = Release|Any CPU
		{D7A14E4E-F571-452F-B3F9-CE831578F7B0}.Release|Any CPU.Build.0 = Release|Any CPU
		{F285B70B-C2A0-42B5-9EC2-E7AE2ADD8B40}.Debug|Any CPU.ActiveCfg = Debug|Any CPU
		{F285B70B-C2A0-42B5-9EC2-E7AE2ADD8B40}.Debug|Any CPU.Build.0 = Debug|Any CPU
		{F285B70B-C2A0-42B5-9EC2-E7AE2ADD8B40}.Release|Any CPU.ActiveCfg = Release|Any CPU
		{F285B70B-C2A0-42B5-9EC2-E7AE2ADD8B40}.Release|Any CPU.Build.0 = Release|Any CPU
		{19262E0E-3557-46EA-9CCE-E83F6B2BD0BC}.Debug|Any CPU.ActiveCfg = Debug|Any CPU
		{19262E0E-3557-46EA-9CCE-E83F6B2BD0BC}.Debug|Any CPU.Build.0 = Debug|Any CPU
		{19262E0E-3557-46EA-9CCE-E83F6B2BD0BC}.Release|Any CPU.ActiveCfg = Release|Any CPU
		{19262E0E-3557-46EA-9CCE-E83F6B2BD0BC}.Release|Any CPU.Build.0 = Release|Any CPU
		{1D72F082-18FE-4381-AC23-C36AF46984FD}.Debug|Any CPU.ActiveCfg = Debug|Any CPU
		{1D72F082-18FE-4381-AC23-C36AF46984FD}.Debug|Any CPU.Build.0 = Debug|Any CPU
		{1D72F082-18FE-4381-AC23-C36AF46984FD}.Release|Any CPU.ActiveCfg = Release|Any CPU
		{1D72F082-18FE-4381-AC23-C36AF46984FD}.Release|Any CPU.Build.0 = Release|Any CPU
		{7BA61B6E-0790-477E-BB03-4A34F0147D9F}.Debug|Any CPU.ActiveCfg = Debug|Any CPU
		{7BA61B6E-0790-477E-BB03-4A34F0147D9F}.Debug|Any CPU.Build.0 = Debug|Any CPU
		{7BA61B6E-0790-477E-BB03-4A34F0147D9F}.Release|Any CPU.ActiveCfg = Release|Any CPU
		{7BA61B6E-0790-477E-BB03-4A34F0147D9F}.Release|Any CPU.Build.0 = Release|Any CPU
		{798ACA23-BB5B-4E19-98CA-4F9A5F8DCB90}.Debug|Any CPU.ActiveCfg = Debug|Any CPU
		{798ACA23-BB5B-4E19-98CA-4F9A5F8DCB90}.Debug|Any CPU.Build.0 = Debug|Any CPU
		{798ACA23-BB5B-4E19-98CA-4F9A5F8DCB90}.Release|Any CPU.ActiveCfg = Release|Any CPU
		{798ACA23-BB5B-4E19-98CA-4F9A5F8DCB90}.Release|Any CPU.Build.0 = Release|Any CPU
	EndGlobalSection
	GlobalSection(NestedProjects) = preSolution
		{F285B70B-C2A0-42B5-9EC2-E7AE2ADD8B40} = {301057E0-3A83-443D-BA46-6BFE9BB8BD08}
		{19262E0E-3557-46EA-9CCE-E83F6B2BD0BC} = {301057E0-3A83-443D-BA46-6BFE9BB8BD08}
		{1D72F082-18FE-4381-AC23-C36AF46984FD} = {301057E0-3A83-443D-BA46-6BFE9BB8BD08}
		{7BA61B6E-0790-477E-BB03-4A34F0147D9F} = {301057E0-3A83-443D-BA46-6BFE9BB8BD08}
		{798ACA23-BB5B-4E19-98CA-4F9A5F8DCB90} = {301057E0-3A83-443D-BA46-6BFE9BB8BD08}
	EndGlobalSection
EndGlobal
