
Microsoft Visual Studio Solution File, Format Version 12.00
Project("{2150E333-8FDC-42A3-9474-1A3956D46DE8}") = "test", "test", "{301057E0-3A83-443D-BA46-6BFE9BB8BD08}"
EndProject
Project("{2150E333-8FDC-42A3-9474-1A3956D46DE8}") = "Solution Items", "Solution Items", "{BE549942-5977-4951-A738-42D7C2B52992}"
	ProjectSection(SolutionItems) = preProject
		docker-compose.yml = docker-compose.yml
	EndProjectSection
EndProject
Project("{2150E333-8FDC-42A3-9474-1A3956D46DE8}") = "src", "src", "{0F1AB1DC-B6CB-4FA0-BFF5-6C4E2E708597}"
EndProject
Project("{FAE04EC0-301F-11D3-BF4B-00C04F79EFBC}") = "SportyBuddies.Api", "src\SportyBuddies.Api\SportyBuddies.Api.csproj", "{C9917E89-5557-47AF-8BAD-C86A370174E0}"
EndProject
Project("{FAE04EC0-301F-11D3-BF4B-00C04F79EFBC}") = "SportyBuddies.Application", "src\SportyBuddies.Application\SportyBuddies.Application.csproj", "{1647F9B0-DAC8-4A94-97CD-2EBEED1FA78D}"
EndProject
Project("{FAE04EC0-301F-11D3-BF4B-00C04F79EFBC}") = "SportyBuddies.Domain", "src\SportyBuddies.Domain\SportyBuddies.Domain.csproj", "{A6560606-5871-4880-AD4A-C98F82EE3B2E}"
EndProject
Project("{FAE04EC0-301F-11D3-BF4B-00C04F79EFBC}") = "SportyBuddies.Infrastructure", "src\SportyBuddies.Infrastructure\SportyBuddies.Infrastructure.csproj", "{2388ED6B-DD27-41E0-BAD8-C35CF43B6FE0}"
EndProject
Project("{FAE04EC0-301F-11D3-BF4B-00C04F79EFBC}") = "SportyBuddies.Application.IntegrationTests", "test\SportyBuddies.Application.IntegrationTests\SportyBuddies.Application.IntegrationTests.csproj", "{9EAC1DC9-A697-4526-A458-13C702444A35}"
EndProject
Project("{FAE04EC0-301F-11D3-BF4B-00C04F79EFBC}") = "SportyBuddies.Application.UnitTests", "test\SportyBuddies.Application.UnitTests\SportyBuddies.Application.UnitTests.csproj", "{A4E8AECF-F062-4391-9388-63DA03823CAE}"
EndProject
Project("{FAE04EC0-301F-11D3-BF4B-00C04F79EFBC}") = "SportyBuddies.Domain.UnitTests", "test\SportyBuddies.Domain.UnitTests\SportyBuddies.Domain.UnitTests.csproj", "{990907C4-9DE2-462C-AAE4-7D70C26E5A9F}"
EndProject
Project("{FAE04EC0-301F-11D3-BF4B-00C04F79EFBC}") = "TestCommon", "test\TestCommon\TestCommon.csproj", "{448426D4-0ED2-4786-9395-A02A75D0A6EA}"
EndProject
Global
	GlobalSection(SolutionConfigurationPlatforms) = preSolution
		Debug|Any CPU = Debug|Any CPU
		Release|Any CPU = Release|Any CPU
	EndGlobalSection
	GlobalSection(ProjectConfigurationPlatforms) = postSolution
		{C9917E89-5557-47AF-8BAD-C86A370174E0}.Debug|Any CPU.ActiveCfg = Debug|Any CPU
		{C9917E89-5557-47AF-8BAD-C86A370174E0}.Debug|Any CPU.Build.0 = Debug|Any CPU
		{C9917E89-5557-47AF-8BAD-C86A370174E0}.Release|Any CPU.ActiveCfg = Release|Any CPU
		{C9917E89-5557-47AF-8BAD-C86A370174E0}.Release|Any CPU.Build.0 = Release|Any CPU
		{1647F9B0-DAC8-4A94-97CD-2EBEED1FA78D}.Debug|Any CPU.ActiveCfg = Debug|Any CPU
		{1647F9B0-DAC8-4A94-97CD-2EBEED1FA78D}.Debug|Any CPU.Build.0 = Debug|Any CPU
		{1647F9B0-DAC8-4A94-97CD-2EBEED1FA78D}.Release|Any CPU.ActiveCfg = Release|Any CPU
		{1647F9B0-DAC8-4A94-97CD-2EBEED1FA78D}.Release|Any CPU.Build.0 = Release|Any CPU
		{A6560606-5871-4880-AD4A-C98F82EE3B2E}.Debug|Any CPU.ActiveCfg = Debug|Any CPU
		{A6560606-5871-4880-AD4A-C98F82EE3B2E}.Debug|Any CPU.Build.0 = Debug|Any CPU
		{A6560606-5871-4880-AD4A-C98F82EE3B2E}.Release|Any CPU.ActiveCfg = Release|Any CPU
		{A6560606-5871-4880-AD4A-C98F82EE3B2E}.Release|Any CPU.Build.0 = Release|Any CPU
		{2388ED6B-DD27-41E0-BAD8-C35CF43B6FE0}.Debug|Any CPU.ActiveCfg = Debug|Any CPU
		{2388ED6B-DD27-41E0-BAD8-C35CF43B6FE0}.Debug|Any CPU.Build.0 = Debug|Any CPU
		{2388ED6B-DD27-41E0-BAD8-C35CF43B6FE0}.Release|Any CPU.ActiveCfg = Release|Any CPU
		{2388ED6B-DD27-41E0-BAD8-C35CF43B6FE0}.Release|Any CPU.Build.0 = Release|Any CPU
		{9EAC1DC9-A697-4526-A458-13C702444A35}.Debug|Any CPU.ActiveCfg = Debug|Any CPU
		{9EAC1DC9-A697-4526-A458-13C702444A35}.Debug|Any CPU.Build.0 = Debug|Any CPU
		{9EAC1DC9-A697-4526-A458-13C702444A35}.Release|Any CPU.ActiveCfg = Release|Any CPU
		{9EAC1DC9-A697-4526-A458-13C702444A35}.Release|Any CPU.Build.0 = Release|Any CPU
		{A4E8AECF-F062-4391-9388-63DA03823CAE}.Debug|Any CPU.ActiveCfg = Debug|Any CPU
		{A4E8AECF-F062-4391-9388-63DA03823CAE}.Debug|Any CPU.Build.0 = Debug|Any CPU
		{A4E8AECF-F062-4391-9388-63DA03823CAE}.Release|Any CPU.ActiveCfg = Release|Any CPU
		{A4E8AECF-F062-4391-9388-63DA03823CAE}.Release|Any CPU.Build.0 = Release|Any CPU
		{990907C4-9DE2-462C-AAE4-7D70C26E5A9F}.Debug|Any CPU.ActiveCfg = Debug|Any CPU
		{990907C4-9DE2-462C-AAE4-7D70C26E5A9F}.Debug|Any CPU.Build.0 = Debug|Any CPU
		{990907C4-9DE2-462C-AAE4-7D70C26E5A9F}.Release|Any CPU.ActiveCfg = Release|Any CPU
		{990907C4-9DE2-462C-AAE4-7D70C26E5A9F}.Release|Any CPU.Build.0 = Release|Any CPU
		{448426D4-0ED2-4786-9395-A02A75D0A6EA}.Debug|Any CPU.ActiveCfg = Debug|Any CPU
		{448426D4-0ED2-4786-9395-A02A75D0A6EA}.Debug|Any CPU.Build.0 = Debug|Any CPU
		{448426D4-0ED2-4786-9395-A02A75D0A6EA}.Release|Any CPU.ActiveCfg = Release|Any CPU
		{448426D4-0ED2-4786-9395-A02A75D0A6EA}.Release|Any CPU.Build.0 = Release|Any CPU
	EndGlobalSection
	GlobalSection(NestedProjects) = preSolution
		{C9917E89-5557-47AF-8BAD-C86A370174E0} = {0F1AB1DC-B6CB-4FA0-BFF5-6C4E2E708597}
		{1647F9B0-DAC8-4A94-97CD-2EBEED1FA78D} = {0F1AB1DC-B6CB-4FA0-BFF5-6C4E2E708597}
		{A6560606-5871-4880-AD4A-C98F82EE3B2E} = {0F1AB1DC-B6CB-4FA0-BFF5-6C4E2E708597}
		{2388ED6B-DD27-41E0-BAD8-C35CF43B6FE0} = {0F1AB1DC-B6CB-4FA0-BFF5-6C4E2E708597}
		{9EAC1DC9-A697-4526-A458-13C702444A35} = {301057E0-3A83-443D-BA46-6BFE9BB8BD08}
		{A4E8AECF-F062-4391-9388-63DA03823CAE} = {301057E0-3A83-443D-BA46-6BFE9BB8BD08}
		{990907C4-9DE2-462C-AAE4-7D70C26E5A9F} = {301057E0-3A83-443D-BA46-6BFE9BB8BD08}
		{448426D4-0ED2-4786-9395-A02A75D0A6EA} = {301057E0-3A83-443D-BA46-6BFE9BB8BD08}
	EndGlobalSection
EndGlobal
